
Microsoft Visual Studio Solution File, Format Version 12.00
# Visual Studio Version 16
VisualStudioVersion = 16.0.31112.23
MinimumVisualStudioVersion = 10.0.40219.1
Project("{FAE04EC0-301F-11D3-BF4B-00C04F79EFBC}") = "solution", "solution.csproj", "{05AF1BE7-9F74-414E-A9B4-2BC87D9E8D3B}"
EndProject
Global
	GlobalSection(SolutionConfigurationPlatforms) = preSolution
		Debug|Any CPU = Debug|Any CPU
		Release|Any CPU = Release|Any CPU
	EndGlobalSection
	GlobalSection(ProjectConfigurationPlatforms) = postSolution
		{05AF1BE7-9F74-414E-A9B4-2BC87D9E8D3B}.Debug|Any CPU.ActiveCfg = Debug|Any CPU
		{05AF1BE7-9F74-414E-A9B4-2BC87D9E8D3B}.Debug|Any CPU.Build.0 = Debug|Any CPU
		{05AF1BE7-9F74-414E-A9B4-2BC87D9E8D3B}.Release|Any CPU.ActiveCfg = Release|Any CPU
		{05AF1BE7-9F74-414E-A9B4-2BC87D9E8D3B}.Release|Any CPU.Build.0 = Release|Any CPU
	EndGlobalSection
	GlobalSection(SolutionProperties) = preSolution
		HideSolutionNode = FALSE
	EndGlobalSection
	GlobalSection(ExtensibilityGlobals) = postSolution
		SolutionGuid = {DA4E7EA5-62BA-403C-91C4-3E99865CD4DC}
	EndGlobalSection
EndGlobal
